
Microsoft Visual Studio Solution File, Format Version 12.00
# Visual Studio 15
VisualStudioVersion = 15.0.27703.2035
MinimumVisualStudioVersion = 10.0.40219.1
Project("{9A19103F-16F7-4668-BE54-9A1E7A4F7556}") = "TheBindery.Application.RestApi", "TheBindery\TheBindery.Application.RestApi.csproj", "{0C7C4E80-51F0-4062-A912-232700D9E5E3}"
EndProject
Project("{9A19103F-16F7-4668-BE54-9A1E7A4F7556}") = "TheBindery.Infrastructure.EFCore.SqlServer", "TheBindery.Infrastructure.EFCore.SqlServer\TheBindery.Infrastructure.EFCore.SqlServer.csproj", "{4C937F59-AC7E-4251-96CA-76D51FD7E3E6}"
EndProject
Project("{9A19103F-16F7-4668-BE54-9A1E7A4F7556}") = "TheBindery.Domain", "TheBindery.Domain\TheBindery.Domain.csproj", "{D4BED626-ED0D-4EAF-9340-E35FCF38826C}"
EndProject
Project("{2150E333-8FDC-42A3-9474-1A3956D46DE8}") = "src", "src", "{0E815082-EE1E-461E-88F2-A3C58B7FAB4D}"
EndProject
Global
	GlobalSection(SolutionConfigurationPlatforms) = preSolution
		Debug|Any CPU = Debug|Any CPU
		Release|Any CPU = Release|Any CPU
	EndGlobalSection
	GlobalSection(ProjectConfigurationPlatforms) = postSolution
		{0C7C4E80-51F0-4062-A912-232700D9E5E3}.Debug|Any CPU.ActiveCfg = Debug|Any CPU
		{0C7C4E80-51F0-4062-A912-232700D9E5E3}.Debug|Any CPU.Build.0 = Debug|Any CPU
		{0C7C4E80-51F0-4062-A912-232700D9E5E3}.Release|Any CPU.ActiveCfg = Release|Any CPU
		{0C7C4E80-51F0-4062-A912-232700D9E5E3}.Release|Any CPU.Build.0 = Release|Any CPU
		{4C937F59-AC7E-4251-96CA-76D51FD7E3E6}.Debug|Any CPU.ActiveCfg = Debug|Any CPU
		{4C937F59-AC7E-4251-96CA-76D51FD7E3E6}.Debug|Any CPU.Build.0 = Debug|Any CPU
		{4C937F59-AC7E-4251-96CA-76D51FD7E3E6}.Release|Any CPU.ActiveCfg = Release|Any CPU
		{4C937F59-AC7E-4251-96CA-76D51FD7E3E6}.Release|Any CPU.Build.0 = Release|Any CPU
		{D4BED626-ED0D-4EAF-9340-E35FCF38826C}.Debug|Any CPU.ActiveCfg = Debug|Any CPU
		{D4BED626-ED0D-4EAF-9340-E35FCF38826C}.Debug|Any CPU.Build.0 = Debug|Any CPU
		{D4BED626-ED0D-4EAF-9340-E35FCF38826C}.Release|Any CPU.ActiveCfg = Release|Any CPU
		{D4BED626-ED0D-4EAF-9340-E35FCF38826C}.Release|Any CPU.Build.0 = Release|Any CPU
	EndGlobalSection
	GlobalSection(SolutionProperties) = preSolution
		HideSolutionNode = FALSE
	EndGlobalSection
	GlobalSection(NestedProjects) = preSolution
		{0C7C4E80-51F0-4062-A912-232700D9E5E3} = {0E815082-EE1E-461E-88F2-A3C58B7FAB4D}
		{4C937F59-AC7E-4251-96CA-76D51FD7E3E6} = {0E815082-EE1E-461E-88F2-A3C58B7FAB4D}
		{D4BED626-ED0D-4EAF-9340-E35FCF38826C} = {0E815082-EE1E-461E-88F2-A3C58B7FAB4D}
	EndGlobalSection
	GlobalSection(ExtensibilityGlobals) = postSolution
		SolutionGuid = {10C73324-82AA-4BDA-9718-CA86D5E5274D}
	EndGlobalSection
EndGlobal
